
Microsoft Visual Studio Solution File, Format Version 12.00
# Visual Studio 2013
VisualStudioVersion = 12.0.31101.0
MinimumVisualStudioVersion = 10.0.40219.1
Project("{FAE04EC0-301F-11D3-BF4B-00C04F79EFBC}") = "01.School", "01.School\01.School.csproj", "{C69060C0-791A-452A-965D-9F481E0F06B6}"
EndProject
Project("{FAE04EC0-301F-11D3-BF4B-00C04F79EFBC}") = "02.StudentsAndWorkers", "02.StudentsAndWorkers\02.StudentsAndWorkers.csproj", "{FA3325C6-E75B-413E-88B7-78A47419C211}"
EndProject
Project("{FAE04EC0-301F-11D3-BF4B-00C04F79EFBC}") = "03.AnimalHierarchy", "03.AnimalHierarchy\03.AnimalHierarchy.csproj", "{65CE5E7D-4323-4F58-89DF-F15323FAA636}"
EndProject
Global
	GlobalSection(SolutionConfigurationPlatforms) = preSolution
		Debug|Any CPU = Debug|Any CPU
		Release|Any CPU = Release|Any CPU
	EndGlobalSection
	GlobalSection(ProjectConfigurationPlatforms) = postSolution
		{C69060C0-791A-452A-965D-9F481E0F06B6}.Debug|Any CPU.ActiveCfg = Debug|Any CPU
		{C69060C0-791A-452A-965D-9F481E0F06B6}.Debug|Any CPU.Build.0 = Debug|Any CPU
		{C69060C0-791A-452A-965D-9F481E0F06B6}.Release|Any CPU.ActiveCfg = Release|Any CPU
		{C69060C0-791A-452A-965D-9F481E0F06B6}.Release|Any CPU.Build.0 = Release|Any CPU
		{FA3325C6-E75B-413E-88B7-78A47419C211}.Debug|Any CPU.ActiveCfg = Debug|Any CPU
		{FA3325C6-E75B-413E-88B7-78A47419C211}.Debug|Any CPU.Build.0 = Debug|Any CPU
		{FA3325C6-E75B-413E-88B7-78A47419C211}.Release|Any CPU.ActiveCfg = Release|Any CPU
		{FA3325C6-E75B-413E-88B7-78A47419C211}.Release|Any CPU.Build.0 = Release|Any CPU
		{65CE5E7D-4323-4F58-89DF-F15323FAA636}.Debug|Any CPU.ActiveCfg = Debug|Any CPU
		{65CE5E7D-4323-4F58-89DF-F15323FAA636}.Debug|Any CPU.Build.0 = Debug|Any CPU
		{65CE5E7D-4323-4F58-89DF-F15323FAA636}.Release|Any CPU.ActiveCfg = Release|Any CPU
		{65CE5E7D-4323-4F58-89DF-F15323FAA636}.Release|Any CPU.Build.0 = Release|Any CPU
	EndGlobalSection
	GlobalSection(SolutionProperties) = preSolution
		HideSolutionNode = FALSE
	EndGlobalSection
EndGlobal
