
Microsoft Visual Studio Solution File, Format Version 12.00
# Visual Studio 2013
VisualStudioVersion = 12.0.31101.0
MinimumVisualStudioVersion = 10.0.40219.1
Project("{FAE04EC0-301F-11D3-BF4B-00C04F79EFBC}") = "task2", "task2\task2.csproj", "{ACE9C22A-5816-49EB-B025-B1887C79ADCB}"
EndProject
Project("{FAE04EC0-301F-11D3-BF4B-00C04F79EFBC}") = "task1", "task1\task1.csproj", "{97C6385F-B2B3-407D-B94F-0EA9043A0B2E}"
EndProject
Project("{FAE04EC0-301F-11D3-BF4B-00C04F79EFBC}") = "task4", "task4\task4.csproj", "{2F4D6831-AA45-4C79-9A57-3839AB556166}"
EndProject
Project("{2150E333-8FDC-42A3-9474-1A3956D46DE8}") = "task3-Javascript", "task3-Javascript", "{898C7A42-5CDE-4D26-951D-B129B925D071}"
	ProjectSection(SolutionItems) = preProject
		task3.js = task3.js
	EndProjectSection
EndProject
Global
	GlobalSection(SolutionConfigurationPlatforms) = preSolution
		Debug|Any CPU = Debug|Any CPU
		Release|Any CPU = Release|Any CPU
	EndGlobalSection
	GlobalSection(ProjectConfigurationPlatforms) = postSolution
		{ACE9C22A-5816-49EB-B025-B1887C79ADCB}.Debug|Any CPU.ActiveCfg = Debug|Any CPU
		{ACE9C22A-5816-49EB-B025-B1887C79ADCB}.Debug|Any CPU.Build.0 = Debug|Any CPU
		{ACE9C22A-5816-49EB-B025-B1887C79ADCB}.Release|Any CPU.ActiveCfg = Release|Any CPU
		{ACE9C22A-5816-49EB-B025-B1887C79ADCB}.Release|Any CPU.Build.0 = Release|Any CPU
		{97C6385F-B2B3-407D-B94F-0EA9043A0B2E}.Debug|Any CPU.ActiveCfg = Debug|Any CPU
		{97C6385F-B2B3-407D-B94F-0EA9043A0B2E}.Debug|Any CPU.Build.0 = Debug|Any CPU
		{97C6385F-B2B3-407D-B94F-0EA9043A0B2E}.Release|Any CPU.ActiveCfg = Release|Any CPU
		{97C6385F-B2B3-407D-B94F-0EA9043A0B2E}.Release|Any CPU.Build.0 = Release|Any CPU
		{2F4D6831-AA45-4C79-9A57-3839AB556166}.Debug|Any CPU.ActiveCfg = Debug|Any CPU
		{2F4D6831-AA45-4C79-9A57-3839AB556166}.Debug|Any CPU.Build.0 = Debug|Any CPU
		{2F4D6831-AA45-4C79-9A57-3839AB556166}.Release|Any CPU.ActiveCfg = Release|Any CPU
		{2F4D6831-AA45-4C79-9A57-3839AB556166}.Release|Any CPU.Build.0 = Release|Any CPU
	EndGlobalSection
	GlobalSection(SolutionProperties) = preSolution
		HideSolutionNode = FALSE
	EndGlobalSection
EndGlobal
