
Microsoft Visual Studio Solution File, Format Version 12.00
# Visual Studio 2013
VisualStudioVersion = 12.0.31101.0
MinimumVisualStudioVersion = 10.0.40219.1
Project("{FAE04EC0-301F-11D3-BF4B-00C04F79EFBC}") = "School", "School\School.csproj", "{9640D257-D1E9-4281-AB15-C396EA910B2A}"
EndProject
Project("{FAE04EC0-301F-11D3-BF4B-00C04F79EFBC}") = "SchoolTest", "SchoolTest\SchoolTest.csproj", "{14A05B6A-84ED-4FB9-A5B0-B4E52081765A}"
EndProject
Global
	GlobalSection(SolutionConfigurationPlatforms) = preSolution
		Debug|Any CPU = Debug|Any CPU
		Release|Any CPU = Release|Any CPU
	EndGlobalSection
	GlobalSection(ProjectConfigurationPlatforms) = postSolution
		{9640D257-D1E9-4281-AB15-C396EA910B2A}.Debug|Any CPU.ActiveCfg = Debug|Any CPU
		{9640D257-D1E9-4281-AB15-C396EA910B2A}.Debug|Any CPU.Build.0 = Debug|Any CPU
		{9640D257-D1E9-4281-AB15-C396EA910B2A}.Release|Any CPU.ActiveCfg = Release|Any CPU
		{9640D257-D1E9-4281-AB15-C396EA910B2A}.Release|Any CPU.Build.0 = Release|Any CPU
		{14A05B6A-84ED-4FB9-A5B0-B4E52081765A}.Debug|Any CPU.ActiveCfg = Debug|Any CPU
		{14A05B6A-84ED-4FB9-A5B0-B4E52081765A}.Debug|Any CPU.Build.0 = Debug|Any CPU
		{14A05B6A-84ED-4FB9-A5B0-B4E52081765A}.Release|Any CPU.ActiveCfg = Release|Any CPU
		{14A05B6A-84ED-4FB9-A5B0-B4E52081765A}.Release|Any CPU.Build.0 = Release|Any CPU
	EndGlobalSection
	GlobalSection(SolutionProperties) = preSolution
		HideSolutionNode = FALSE
	EndGlobalSection
EndGlobal
