
Microsoft Visual Studio Solution File, Format Version 12.00
# Visual Studio 2013
VisualStudioVersion = 12.0.31101.0
MinimumVisualStudioVersion = 10.0.40219.1
Project("{FAE04EC0-301F-11D3-BF4B-00C04F79EFBC}") = "01.DecToBin", "01.DecToBin\01.DecToBin.csproj", "{1B358427-ACC8-4A3E-B587-926A43F25784}"
EndProject
Project("{FAE04EC0-301F-11D3-BF4B-00C04F79EFBC}") = "02.BinToDec", "02.BinToDec\02.BinToDec.csproj", "{E90FD0F3-7505-4C9F-8DBA-FF3408F80514}"
EndProject
Project("{FAE04EC0-301F-11D3-BF4B-00C04F79EFBC}") = "03.DecToHex", "03.DecToHex\03.DecToHex.csproj", "{6EC3AA0E-FA8B-4F41-9978-433060FF928C}"
EndProject
Project("{FAE04EC0-301F-11D3-BF4B-00C04F79EFBC}") = "04.HexToDec", "04.HexToDec\04.HexToDec.csproj", "{C887A157-9C53-4EC1-8BFA-3C32A76E128A}"
EndProject
Project("{FAE04EC0-301F-11D3-BF4B-00C04F79EFBC}") = "05.HexToBin", "05.HexToBinary\05.HexToBin.csproj", "{66755ADD-8F7B-45EE-A380-5D783F932111}"
EndProject
Project("{FAE04EC0-301F-11D3-BF4B-00C04F79EFBC}") = "06.BinToHex", "06.BinToHex\06.BinToHex.csproj", "{188779D2-2F38-4A05-BB63-2F33C6825388}"
EndProject
Project("{FAE04EC0-301F-11D3-BF4B-00C04F79EFBC}") = "07.AnySystemToAnother", "07.AnySystemToAnother\07.AnySystemToAnother.csproj", "{28DED907-DF04-410F-9C08-7318572DC1D2}"
EndProject
Project("{FAE04EC0-301F-11D3-BF4B-00C04F79EFBC}") = "08.BinaryShort", "08.BinaryShort\08.BinaryShort.csproj", "{EEE85DA7-C7F1-4A63-903D-13A138DBAD4B}"
EndProject
Global
	GlobalSection(SolutionConfigurationPlatforms) = preSolution
		Debug|Any CPU = Debug|Any CPU
		Release|Any CPU = Release|Any CPU
	EndGlobalSection
	GlobalSection(ProjectConfigurationPlatforms) = postSolution
		{1B358427-ACC8-4A3E-B587-926A43F25784}.Debug|Any CPU.ActiveCfg = Debug|Any CPU
		{1B358427-ACC8-4A3E-B587-926A43F25784}.Debug|Any CPU.Build.0 = Debug|Any CPU
		{1B358427-ACC8-4A3E-B587-926A43F25784}.Release|Any CPU.ActiveCfg = Release|Any CPU
		{1B358427-ACC8-4A3E-B587-926A43F25784}.Release|Any CPU.Build.0 = Release|Any CPU
		{E90FD0F3-7505-4C9F-8DBA-FF3408F80514}.Debug|Any CPU.ActiveCfg = Debug|Any CPU
		{E90FD0F3-7505-4C9F-8DBA-FF3408F80514}.Debug|Any CPU.Build.0 = Debug|Any CPU
		{E90FD0F3-7505-4C9F-8DBA-FF3408F80514}.Release|Any CPU.ActiveCfg = Release|Any CPU
		{E90FD0F3-7505-4C9F-8DBA-FF3408F80514}.Release|Any CPU.Build.0 = Release|Any CPU
		{6EC3AA0E-FA8B-4F41-9978-433060FF928C}.Debug|Any CPU.ActiveCfg = Debug|Any CPU
		{6EC3AA0E-FA8B-4F41-9978-433060FF928C}.Debug|Any CPU.Build.0 = Debug|Any CPU
		{6EC3AA0E-FA8B-4F41-9978-433060FF928C}.Release|Any CPU.ActiveCfg = Release|Any CPU
		{6EC3AA0E-FA8B-4F41-9978-433060FF928C}.Release|Any CPU.Build.0 = Release|Any CPU
		{C887A157-9C53-4EC1-8BFA-3C32A76E128A}.Debug|Any CPU.ActiveCfg = Debug|Any CPU
		{C887A157-9C53-4EC1-8BFA-3C32A76E128A}.Debug|Any CPU.Build.0 = Debug|Any CPU
		{C887A157-9C53-4EC1-8BFA-3C32A76E128A}.Release|Any CPU.ActiveCfg = Release|Any CPU
		{C887A157-9C53-4EC1-8BFA-3C32A76E128A}.Release|Any CPU.Build.0 = Release|Any CPU
		{66755ADD-8F7B-45EE-A380-5D783F932111}.Debug|Any CPU.ActiveCfg = Debug|Any CPU
		{66755ADD-8F7B-45EE-A380-5D783F932111}.Debug|Any CPU.Build.0 = Debug|Any CPU
		{66755ADD-8F7B-45EE-A380-5D783F932111}.Release|Any CPU.ActiveCfg = Release|Any CPU
		{66755ADD-8F7B-45EE-A380-5D783F932111}.Release|Any CPU.Build.0 = Release|Any CPU
		{188779D2-2F38-4A05-BB63-2F33C6825388}.Debug|Any CPU.ActiveCfg = Debug|Any CPU
		{188779D2-2F38-4A05-BB63-2F33C6825388}.Debug|Any CPU.Build.0 = Debug|Any CPU
		{188779D2-2F38-4A05-BB63-2F33C6825388}.Release|Any CPU.ActiveCfg = Release|Any CPU
		{188779D2-2F38-4A05-BB63-2F33C6825388}.Release|Any CPU.Build.0 = Release|Any CPU
		{28DED907-DF04-410F-9C08-7318572DC1D2}.Debug|Any CPU.ActiveCfg = Debug|Any CPU
		{28DED907-DF04-410F-9C08-7318572DC1D2}.Debug|Any CPU.Build.0 = Debug|Any CPU
		{28DED907-DF04-410F-9C08-7318572DC1D2}.Release|Any CPU.ActiveCfg = Release|Any CPU
		{28DED907-DF04-410F-9C08-7318572DC1D2}.Release|Any CPU.Build.0 = Release|Any CPU
		{EEE85DA7-C7F1-4A63-903D-13A138DBAD4B}.Debug|Any CPU.ActiveCfg = Debug|Any CPU
		{EEE85DA7-C7F1-4A63-903D-13A138DBAD4B}.Debug|Any CPU.Build.0 = Debug|Any CPU
		{EEE85DA7-C7F1-4A63-903D-13A138DBAD4B}.Release|Any CPU.ActiveCfg = Release|Any CPU
		{EEE85DA7-C7F1-4A63-903D-13A138DBAD4B}.Release|Any CPU.Build.0 = Release|Any CPU
	EndGlobalSection
	GlobalSection(SolutionProperties) = preSolution
		HideSolutionNode = FALSE
	EndGlobalSection
EndGlobal
