
Microsoft Visual Studio Solution File, Format Version 12.00
# Visual Studio 2013
VisualStudioVersion = 12.0.31101.0
MinimumVisualStudioVersion = 10.0.40219.1
Project("{FAE04EC0-301F-11D3-BF4B-00C04F79EFBC}") = "01.AllocateArray", "01.AllocateArray\01.AllocateArray.csproj", "{4B829CA7-807C-4A54-A656-F14233D855F5}"
EndProject
Project("{FAE04EC0-301F-11D3-BF4B-00C04F79EFBC}") = "02.CompareArrays", "02.CompareArrays\02.CompareArrays.csproj", "{9A950C48-3922-4F23-BE14-70875FF92172}"
EndProject
Project("{FAE04EC0-301F-11D3-BF4B-00C04F79EFBC}") = "03.CompareCharrArrays", "03.CompareCharrArrays\03.CompareCharrArrays.csproj", "{9DC90419-F7DA-4EED-9EE2-FEE9511D409B}"
EndProject
Project("{FAE04EC0-301F-11D3-BF4B-00C04F79EFBC}") = "04.MaximalSequence", "04.MaximalSequence\04.MaximalSequence.csproj", "{4668B460-CDB6-4302-B986-460AC433FD8F}"
EndProject
Project("{FAE04EC0-301F-11D3-BF4B-00C04F79EFBC}") = "05.MaximalIncreasingSequence", "05.MaximalIncreasingSequence\05.MaximalIncreasingSequence.csproj", "{9263924B-D593-4DD4-9759-B1734D193E77}"
EndProject
Project("{FAE04EC0-301F-11D3-BF4B-00C04F79EFBC}") = "06.MaximalKSum", "06.MaximalKSum\06.MaximalKSum.csproj", "{C4B892A7-F5CF-4608-A5B3-FABF6CC3F7B3}"
EndProject
Project("{FAE04EC0-301F-11D3-BF4B-00C04F79EFBC}") = "07.SelectionSort", "07.SelectionSort\07.SelectionSort.csproj", "{A7010076-9DC6-4B7D-9ADF-5571FB504AFD}"
EndProject
Project("{FAE04EC0-301F-11D3-BF4B-00C04F79EFBC}") = "08.MaximalSum", "08.MaximalSum\08.MaximalSum.csproj", "{AA7EE55E-2062-41FE-80AC-A8A77D325B24}"
EndProject
Project("{FAE04EC0-301F-11D3-BF4B-00C04F79EFBC}") = "09.FrequentNumber", "09.FrequentNumber\09.FrequentNumber.csproj", "{C3769983-9A24-4547-8B7A-55656D554BDD}"
EndProject
Project("{FAE04EC0-301F-11D3-BF4B-00C04F79EFBC}") = "10.FindSum", "10.FindSum\10.FindSum.csproj", "{AA95B9E9-A28F-4A9D-84CE-935BEB9107DB}"
EndProject
Project("{FAE04EC0-301F-11D3-BF4B-00C04F79EFBC}") = "11.BinarySearch", "11.BinarySearch\11.BinarySearch.csproj", "{6F6F505B-4B9F-4550-A67B-F6DAD179D3AA}"
EndProject
Project("{FAE04EC0-301F-11D3-BF4B-00C04F79EFBC}") = "12.IndexLetters", "12.IndexLetters\12.IndexLetters.csproj", "{06EFF5D1-A26B-4765-8044-C078A367708C}"
EndProject
Project("{FAE04EC0-301F-11D3-BF4B-00C04F79EFBC}") = "14.QuickSort", "14.QuickSort\14.QuickSort.csproj", "{2D9777F3-51D2-48DC-9E2C-50670E516BC0}"
EndProject
Project("{FAE04EC0-301F-11D3-BF4B-00C04F79EFBC}") = "15.PrimeNumbers", "15.PrimeNumbers\15.PrimeNumbers.csproj", "{B77C81D6-40E7-4A8E-9033-0886324A3273}"
EndProject
Global
	GlobalSection(SolutionConfigurationPlatforms) = preSolution
		Debug|Any CPU = Debug|Any CPU
		Release|Any CPU = Release|Any CPU
	EndGlobalSection
	GlobalSection(ProjectConfigurationPlatforms) = postSolution
		{4B829CA7-807C-4A54-A656-F14233D855F5}.Debug|Any CPU.ActiveCfg = Debug|Any CPU
		{4B829CA7-807C-4A54-A656-F14233D855F5}.Debug|Any CPU.Build.0 = Debug|Any CPU
		{4B829CA7-807C-4A54-A656-F14233D855F5}.Release|Any CPU.ActiveCfg = Release|Any CPU
		{4B829CA7-807C-4A54-A656-F14233D855F5}.Release|Any CPU.Build.0 = Release|Any CPU
		{9A950C48-3922-4F23-BE14-70875FF92172}.Debug|Any CPU.ActiveCfg = Debug|Any CPU
		{9A950C48-3922-4F23-BE14-70875FF92172}.Debug|Any CPU.Build.0 = Debug|Any CPU
		{9A950C48-3922-4F23-BE14-70875FF92172}.Release|Any CPU.ActiveCfg = Release|Any CPU
		{9A950C48-3922-4F23-BE14-70875FF92172}.Release|Any CPU.Build.0 = Release|Any CPU
		{9DC90419-F7DA-4EED-9EE2-FEE9511D409B}.Debug|Any CPU.ActiveCfg = Debug|Any CPU
		{9DC90419-F7DA-4EED-9EE2-FEE9511D409B}.Debug|Any CPU.Build.0 = Debug|Any CPU
		{9DC90419-F7DA-4EED-9EE2-FEE9511D409B}.Release|Any CPU.ActiveCfg = Release|Any CPU
		{9DC90419-F7DA-4EED-9EE2-FEE9511D409B}.Release|Any CPU.Build.0 = Release|Any CPU
		{4668B460-CDB6-4302-B986-460AC433FD8F}.Debug|Any CPU.ActiveCfg = Debug|Any CPU
		{4668B460-CDB6-4302-B986-460AC433FD8F}.Debug|Any CPU.Build.0 = Debug|Any CPU
		{4668B460-CDB6-4302-B986-460AC433FD8F}.Release|Any CPU.ActiveCfg = Release|Any CPU
		{4668B460-CDB6-4302-B986-460AC433FD8F}.Release|Any CPU.Build.0 = Release|Any CPU
		{9263924B-D593-4DD4-9759-B1734D193E77}.Debug|Any CPU.ActiveCfg = Debug|Any CPU
		{9263924B-D593-4DD4-9759-B1734D193E77}.Debug|Any CPU.Build.0 = Debug|Any CPU
		{9263924B-D593-4DD4-9759-B1734D193E77}.Release|Any CPU.ActiveCfg = Release|Any CPU
		{9263924B-D593-4DD4-9759-B1734D193E77}.Release|Any CPU.Build.0 = Release|Any CPU
		{C4B892A7-F5CF-4608-A5B3-FABF6CC3F7B3}.Debug|Any CPU.ActiveCfg = Debug|Any CPU
		{C4B892A7-F5CF-4608-A5B3-FABF6CC3F7B3}.Debug|Any CPU.Build.0 = Debug|Any CPU
		{C4B892A7-F5CF-4608-A5B3-FABF6CC3F7B3}.Release|Any CPU.ActiveCfg = Release|Any CPU
		{C4B892A7-F5CF-4608-A5B3-FABF6CC3F7B3}.Release|Any CPU.Build.0 = Release|Any CPU
		{A7010076-9DC6-4B7D-9ADF-5571FB504AFD}.Debug|Any CPU.ActiveCfg = Debug|Any CPU
		{A7010076-9DC6-4B7D-9ADF-5571FB504AFD}.Debug|Any CPU.Build.0 = Debug|Any CPU
		{A7010076-9DC6-4B7D-9ADF-5571FB504AFD}.Release|Any CPU.ActiveCfg = Release|Any CPU
		{A7010076-9DC6-4B7D-9ADF-5571FB504AFD}.Release|Any CPU.Build.0 = Release|Any CPU
		{AA7EE55E-2062-41FE-80AC-A8A77D325B24}.Debug|Any CPU.ActiveCfg = Debug|Any CPU
		{AA7EE55E-2062-41FE-80AC-A8A77D325B24}.Debug|Any CPU.Build.0 = Debug|Any CPU
		{AA7EE55E-2062-41FE-80AC-A8A77D325B24}.Release|Any CPU.ActiveCfg = Release|Any CPU
		{AA7EE55E-2062-41FE-80AC-A8A77D325B24}.Release|Any CPU.Build.0 = Release|Any CPU
		{C3769983-9A24-4547-8B7A-55656D554BDD}.Debug|Any CPU.ActiveCfg = Debug|Any CPU
		{C3769983-9A24-4547-8B7A-55656D554BDD}.Debug|Any CPU.Build.0 = Debug|Any CPU
		{C3769983-9A24-4547-8B7A-55656D554BDD}.Release|Any CPU.ActiveCfg = Release|Any CPU
		{C3769983-9A24-4547-8B7A-55656D554BDD}.Release|Any CPU.Build.0 = Release|Any CPU
		{AA95B9E9-A28F-4A9D-84CE-935BEB9107DB}.Debug|Any CPU.ActiveCfg = Debug|Any CPU
		{AA95B9E9-A28F-4A9D-84CE-935BEB9107DB}.Debug|Any CPU.Build.0 = Debug|Any CPU
		{AA95B9E9-A28F-4A9D-84CE-935BEB9107DB}.Release|Any CPU.ActiveCfg = Release|Any CPU
		{AA95B9E9-A28F-4A9D-84CE-935BEB9107DB}.Release|Any CPU.Build.0 = Release|Any CPU
		{6F6F505B-4B9F-4550-A67B-F6DAD179D3AA}.Debug|Any CPU.ActiveCfg = Debug|Any CPU
		{6F6F505B-4B9F-4550-A67B-F6DAD179D3AA}.Debug|Any CPU.Build.0 = Debug|Any CPU
		{6F6F505B-4B9F-4550-A67B-F6DAD179D3AA}.Release|Any CPU.ActiveCfg = Release|Any CPU
		{6F6F505B-4B9F-4550-A67B-F6DAD179D3AA}.Release|Any CPU.Build.0 = Release|Any CPU
		{06EFF5D1-A26B-4765-8044-C078A367708C}.Debug|Any CPU.ActiveCfg = Debug|Any CPU
		{06EFF5D1-A26B-4765-8044-C078A367708C}.Debug|Any CPU.Build.0 = Debug|Any CPU
		{06EFF5D1-A26B-4765-8044-C078A367708C}.Release|Any CPU.ActiveCfg = Release|Any CPU
		{06EFF5D1-A26B-4765-8044-C078A367708C}.Release|Any CPU.Build.0 = Release|Any CPU
		{2D9777F3-51D2-48DC-9E2C-50670E516BC0}.Debug|Any CPU.ActiveCfg = Debug|Any CPU
		{2D9777F3-51D2-48DC-9E2C-50670E516BC0}.Debug|Any CPU.Build.0 = Debug|Any CPU
		{2D9777F3-51D2-48DC-9E2C-50670E516BC0}.Release|Any CPU.ActiveCfg = Release|Any CPU
		{2D9777F3-51D2-48DC-9E2C-50670E516BC0}.Release|Any CPU.Build.0 = Release|Any CPU
		{B77C81D6-40E7-4A8E-9033-0886324A3273}.Debug|Any CPU.ActiveCfg = Debug|Any CPU
		{B77C81D6-40E7-4A8E-9033-0886324A3273}.Debug|Any CPU.Build.0 = Debug|Any CPU
		{B77C81D6-40E7-4A8E-9033-0886324A3273}.Release|Any CPU.ActiveCfg = Release|Any CPU
		{B77C81D6-40E7-4A8E-9033-0886324A3273}.Release|Any CPU.Build.0 = Release|Any CPU
	EndGlobalSection
	GlobalSection(SolutionProperties) = preSolution
		HideSolutionNode = FALSE
	EndGlobalSection
EndGlobal
