
Microsoft Visual Studio Solution File, Format Version 12.00
# Visual Studio 2013
VisualStudioVersion = 12.0.31101.0
MinimumVisualStudioVersion = 10.0.40219.1
Project("{FAE04EC0-301F-11D3-BF4B-00C04F79EFBC}") = "1.SumAndAverageIntegers", "1.SumAndAverageOfInput\1.SumAndAverageIntegers.csproj", "{AA83BF85-C73A-4E76-BFBD-18492D2ADD34}"
EndProject
Project("{FAE04EC0-301F-11D3-BF4B-00C04F79EFBC}") = "Extensions", "Extensions\Extensions.csproj", "{F39227DB-ECB4-4B8D-887E-66CEB1754838}"
EndProject
Project("{FAE04EC0-301F-11D3-BF4B-00C04F79EFBC}") = "2.ReverseIntegers", "ReverseIntegers\2.ReverseIntegers.csproj", "{300DBA7B-BF13-4AF5-AF96-F8B76764059B}"
EndProject
Project("{FAE04EC0-301F-11D3-BF4B-00C04F79EFBC}") = "3.SortIntegers", "SortIntegers\3.SortIntegers.csproj", "{0922DCBC-6871-4213-97DA-374DA0C91999}"
EndProject
Project("{FAE04EC0-301F-11D3-BF4B-00C04F79EFBC}") = "4.LongestSubsequenceOfEquals", "LongestSubsequenceOfEquals\4.LongestSubsequenceOfEquals.csproj", "{ECF00F94-38A6-48E5-B9B0-D5B8EFEBA288}"
EndProject
Project("{FAE04EC0-301F-11D3-BF4B-00C04F79EFBC}") = "5.RemoveNegativesFromSequence", "RemoveNegativesFromSequence\5.RemoveNegativesFromSequence.csproj", "{62F5F851-78FD-4C03-9CC0-952F99B0B0F2}"
EndProject
Project("{FAE04EC0-301F-11D3-BF4B-00C04F79EFBC}") = "6.RemoveOddOccurences", "RemoveOddOccurences\6.RemoveOddOccurences.csproj", "{B6316D3C-865F-4C8D-8BB6-B27853FB059A}"
EndProject
Project("{FAE04EC0-301F-11D3-BF4B-00C04F79EFBC}") = "7.CountOccurences", "CountOccurences\7.CountOccurences.csproj", "{0CDD23AD-A593-4EFB-9D73-94B000BDD55C}"
EndProject
Project("{FAE04EC0-301F-11D3-BF4B-00C04F79EFBC}") = "8.MajorantInArray", "MajorantInArray\8.MajorantInArray.csproj", "{D8FCB5D0-BF08-4A2F-A3B4-F16D1A4A59AE}"
EndProject
Project("{FAE04EC0-301F-11D3-BF4B-00C04F79EFBC}") = "9.EncryptedSequence", "EncryptedSequence\9.EncryptedSequence.csproj", "{B696F848-FBDC-41E7-B0D5-A9E36438060B}"
EndProject
Project("{FAE04EC0-301F-11D3-BF4B-00C04F79EFBC}") = "10.OperationsWithQueue", "OperationsWithQueue\10.OperationsWithQueue.csproj", "{DC00CA56-E4E6-4E29-86D3-594CE4A22ECB}"
EndProject
Global
	GlobalSection(SolutionConfigurationPlatforms) = preSolution
		Debug|Any CPU = Debug|Any CPU
		Release|Any CPU = Release|Any CPU
	EndGlobalSection
	GlobalSection(ProjectConfigurationPlatforms) = postSolution
		{AA83BF85-C73A-4E76-BFBD-18492D2ADD34}.Debug|Any CPU.ActiveCfg = Debug|Any CPU
		{AA83BF85-C73A-4E76-BFBD-18492D2ADD34}.Debug|Any CPU.Build.0 = Debug|Any CPU
		{AA83BF85-C73A-4E76-BFBD-18492D2ADD34}.Release|Any CPU.ActiveCfg = Release|Any CPU
		{AA83BF85-C73A-4E76-BFBD-18492D2ADD34}.Release|Any CPU.Build.0 = Release|Any CPU
		{F39227DB-ECB4-4B8D-887E-66CEB1754838}.Debug|Any CPU.ActiveCfg = Debug|Any CPU
		{F39227DB-ECB4-4B8D-887E-66CEB1754838}.Debug|Any CPU.Build.0 = Debug|Any CPU
		{F39227DB-ECB4-4B8D-887E-66CEB1754838}.Release|Any CPU.ActiveCfg = Release|Any CPU
		{F39227DB-ECB4-4B8D-887E-66CEB1754838}.Release|Any CPU.Build.0 = Release|Any CPU
		{300DBA7B-BF13-4AF5-AF96-F8B76764059B}.Debug|Any CPU.ActiveCfg = Debug|Any CPU
		{300DBA7B-BF13-4AF5-AF96-F8B76764059B}.Debug|Any CPU.Build.0 = Debug|Any CPU
		{300DBA7B-BF13-4AF5-AF96-F8B76764059B}.Release|Any CPU.ActiveCfg = Release|Any CPU
		{300DBA7B-BF13-4AF5-AF96-F8B76764059B}.Release|Any CPU.Build.0 = Release|Any CPU
		{0922DCBC-6871-4213-97DA-374DA0C91999}.Debug|Any CPU.ActiveCfg = Debug|Any CPU
		{0922DCBC-6871-4213-97DA-374DA0C91999}.Debug|Any CPU.Build.0 = Debug|Any CPU
		{0922DCBC-6871-4213-97DA-374DA0C91999}.Release|Any CPU.ActiveCfg = Release|Any CPU
		{0922DCBC-6871-4213-97DA-374DA0C91999}.Release|Any CPU.Build.0 = Release|Any CPU
		{ECF00F94-38A6-48E5-B9B0-D5B8EFEBA288}.Debug|Any CPU.ActiveCfg = Debug|Any CPU
		{ECF00F94-38A6-48E5-B9B0-D5B8EFEBA288}.Debug|Any CPU.Build.0 = Debug|Any CPU
		{ECF00F94-38A6-48E5-B9B0-D5B8EFEBA288}.Release|Any CPU.ActiveCfg = Release|Any CPU
		{ECF00F94-38A6-48E5-B9B0-D5B8EFEBA288}.Release|Any CPU.Build.0 = Release|Any CPU
		{62F5F851-78FD-4C03-9CC0-952F99B0B0F2}.Debug|Any CPU.ActiveCfg = Debug|Any CPU
		{62F5F851-78FD-4C03-9CC0-952F99B0B0F2}.Debug|Any CPU.Build.0 = Debug|Any CPU
		{62F5F851-78FD-4C03-9CC0-952F99B0B0F2}.Release|Any CPU.ActiveCfg = Release|Any CPU
		{62F5F851-78FD-4C03-9CC0-952F99B0B0F2}.Release|Any CPU.Build.0 = Release|Any CPU
		{B6316D3C-865F-4C8D-8BB6-B27853FB059A}.Debug|Any CPU.ActiveCfg = Debug|Any CPU
		{B6316D3C-865F-4C8D-8BB6-B27853FB059A}.Debug|Any CPU.Build.0 = Debug|Any CPU
		{B6316D3C-865F-4C8D-8BB6-B27853FB059A}.Release|Any CPU.ActiveCfg = Release|Any CPU
		{B6316D3C-865F-4C8D-8BB6-B27853FB059A}.Release|Any CPU.Build.0 = Release|Any CPU
		{0CDD23AD-A593-4EFB-9D73-94B000BDD55C}.Debug|Any CPU.ActiveCfg = Debug|Any CPU
		{0CDD23AD-A593-4EFB-9D73-94B000BDD55C}.Debug|Any CPU.Build.0 = Debug|Any CPU
		{0CDD23AD-A593-4EFB-9D73-94B000BDD55C}.Release|Any CPU.ActiveCfg = Release|Any CPU
		{0CDD23AD-A593-4EFB-9D73-94B000BDD55C}.Release|Any CPU.Build.0 = Release|Any CPU
		{D8FCB5D0-BF08-4A2F-A3B4-F16D1A4A59AE}.Debug|Any CPU.ActiveCfg = Debug|Any CPU
		{D8FCB5D0-BF08-4A2F-A3B4-F16D1A4A59AE}.Debug|Any CPU.Build.0 = Debug|Any CPU
		{D8FCB5D0-BF08-4A2F-A3B4-F16D1A4A59AE}.Release|Any CPU.ActiveCfg = Release|Any CPU
		{D8FCB5D0-BF08-4A2F-A3B4-F16D1A4A59AE}.Release|Any CPU.Build.0 = Release|Any CPU
		{B696F848-FBDC-41E7-B0D5-A9E36438060B}.Debug|Any CPU.ActiveCfg = Debug|Any CPU
		{B696F848-FBDC-41E7-B0D5-A9E36438060B}.Debug|Any CPU.Build.0 = Debug|Any CPU
		{B696F848-FBDC-41E7-B0D5-A9E36438060B}.Release|Any CPU.ActiveCfg = Release|Any CPU
		{B696F848-FBDC-41E7-B0D5-A9E36438060B}.Release|Any CPU.Build.0 = Release|Any CPU
		{DC00CA56-E4E6-4E29-86D3-594CE4A22ECB}.Debug|Any CPU.ActiveCfg = Debug|Any CPU
		{DC00CA56-E4E6-4E29-86D3-594CE4A22ECB}.Debug|Any CPU.Build.0 = Debug|Any CPU
		{DC00CA56-E4E6-4E29-86D3-594CE4A22ECB}.Release|Any CPU.ActiveCfg = Release|Any CPU
		{DC00CA56-E4E6-4E29-86D3-594CE4A22ECB}.Release|Any CPU.Build.0 = Release|Any CPU
	EndGlobalSection
	GlobalSection(SolutionProperties) = preSolution
		HideSolutionNode = FALSE
	EndGlobalSection
EndGlobal
