
Microsoft Visual Studio Solution File, Format Version 12.00
# Visual Studio 14
VisualStudioVersion = 14.0.23107.0
MinimumVisualStudioVersion = 10.0.40219.1
Project("{FAE04EC0-301F-11D3-BF4B-00C04F79EFBC}") = "DoublesCount", "DoublesCount\DoublesCount.csproj", "{B3878F45-72C1-4843-A8A9-98B1E2FB293B}"
EndProject
Project("{FAE04EC0-301F-11D3-BF4B-00C04F79EFBC}") = "Extensions", "Extensions\Extensions.csproj", "{C1FF68C1-9696-4C7A-A875-FCA49060663C}"
EndProject
Project("{FAE04EC0-301F-11D3-BF4B-00C04F79EFBC}") = "OddOccurences", "OddOccurences\OddOccurences.csproj", "{3743E0C2-4FB1-46C8-8B7C-80A3DB2315DD}"
EndProject
Project("{FAE04EC0-301F-11D3-BF4B-00C04F79EFBC}") = "WordsCount", "WordsCount\WordsCount.csproj", "{BFC84D78-E131-43DB-873C-700896394AAB}"
EndProject
Project("{FAE04EC0-301F-11D3-BF4B-00C04F79EFBC}") = "HashTableImplementation", "HashTable\HashTableImplementation.csproj", "{B4CA656E-1323-4435-BC96-635F9E4302E8}"
EndProject
Project("{FAE04EC0-301F-11D3-BF4B-00C04F79EFBC}") = "HashSetImplementation", "HashSetImplementation\HashSetImplementation.csproj", "{105A6D82-F230-4C5B-9F2A-4B158218B051}"
EndProject
Project("{FAE04EC0-301F-11D3-BF4B-00C04F79EFBC}") = "HashTableTests", "HashTableTests\HashTableTests.csproj", "{8F484808-1C6B-4ABD-87BD-42D71D09D4BA}"
EndProject
Project("{FAE04EC0-301F-11D3-BF4B-00C04F79EFBC}") = "PhonebookImplementation", "PhonebookImplementation\PhonebookImplementation.csproj", "{8B9FDE91-3EF1-4FDA-9074-E976B494DBF5}"
EndProject
Global
	GlobalSection(SolutionConfigurationPlatforms) = preSolution
		Debug|Any CPU = Debug|Any CPU
		Debug|ARM = Debug|ARM
		Debug|x64 = Debug|x64
		Debug|x86 = Debug|x86
		Release|Any CPU = Release|Any CPU
		Release|ARM = Release|ARM
		Release|x64 = Release|x64
		Release|x86 = Release|x86
	EndGlobalSection
	GlobalSection(ProjectConfigurationPlatforms) = postSolution
		{B3878F45-72C1-4843-A8A9-98B1E2FB293B}.Debug|Any CPU.ActiveCfg = Debug|Any CPU
		{B3878F45-72C1-4843-A8A9-98B1E2FB293B}.Debug|Any CPU.Build.0 = Debug|Any CPU
		{B3878F45-72C1-4843-A8A9-98B1E2FB293B}.Debug|ARM.ActiveCfg = Debug|Any CPU
		{B3878F45-72C1-4843-A8A9-98B1E2FB293B}.Debug|ARM.Build.0 = Debug|Any CPU
		{B3878F45-72C1-4843-A8A9-98B1E2FB293B}.Debug|x64.ActiveCfg = Debug|Any CPU
		{B3878F45-72C1-4843-A8A9-98B1E2FB293B}.Debug|x64.Build.0 = Debug|Any CPU
		{B3878F45-72C1-4843-A8A9-98B1E2FB293B}.Debug|x86.ActiveCfg = Debug|Any CPU
		{B3878F45-72C1-4843-A8A9-98B1E2FB293B}.Debug|x86.Build.0 = Debug|Any CPU
		{B3878F45-72C1-4843-A8A9-98B1E2FB293B}.Release|Any CPU.ActiveCfg = Release|Any CPU
		{B3878F45-72C1-4843-A8A9-98B1E2FB293B}.Release|Any CPU.Build.0 = Release|Any CPU
		{B3878F45-72C1-4843-A8A9-98B1E2FB293B}.Release|ARM.ActiveCfg = Release|Any CPU
		{B3878F45-72C1-4843-A8A9-98B1E2FB293B}.Release|ARM.Build.0 = Release|Any CPU
		{B3878F45-72C1-4843-A8A9-98B1E2FB293B}.Release|x64.ActiveCfg = Release|Any CPU
		{B3878F45-72C1-4843-A8A9-98B1E2FB293B}.Release|x64.Build.0 = Release|Any CPU
		{B3878F45-72C1-4843-A8A9-98B1E2FB293B}.Release|x86.ActiveCfg = Release|Any CPU
		{B3878F45-72C1-4843-A8A9-98B1E2FB293B}.Release|x86.Build.0 = Release|Any CPU
		{C1FF68C1-9696-4C7A-A875-FCA49060663C}.Debug|Any CPU.ActiveCfg = Debug|Any CPU
		{C1FF68C1-9696-4C7A-A875-FCA49060663C}.Debug|Any CPU.Build.0 = Debug|Any CPU
		{C1FF68C1-9696-4C7A-A875-FCA49060663C}.Debug|ARM.ActiveCfg = Debug|Any CPU
		{C1FF68C1-9696-4C7A-A875-FCA49060663C}.Debug|ARM.Build.0 = Debug|Any CPU
		{C1FF68C1-9696-4C7A-A875-FCA49060663C}.Debug|x64.ActiveCfg = Debug|Any CPU
		{C1FF68C1-9696-4C7A-A875-FCA49060663C}.Debug|x64.Build.0 = Debug|Any CPU
		{C1FF68C1-9696-4C7A-A875-FCA49060663C}.Debug|x86.ActiveCfg = Debug|Any CPU
		{C1FF68C1-9696-4C7A-A875-FCA49060663C}.Debug|x86.Build.0 = Debug|Any CPU
		{C1FF68C1-9696-4C7A-A875-FCA49060663C}.Release|Any CPU.ActiveCfg = Release|Any CPU
		{C1FF68C1-9696-4C7A-A875-FCA49060663C}.Release|Any CPU.Build.0 = Release|Any CPU
		{C1FF68C1-9696-4C7A-A875-FCA49060663C}.Release|ARM.ActiveCfg = Release|Any CPU
		{C1FF68C1-9696-4C7A-A875-FCA49060663C}.Release|ARM.Build.0 = Release|Any CPU
		{C1FF68C1-9696-4C7A-A875-FCA49060663C}.Release|x64.ActiveCfg = Release|Any CPU
		{C1FF68C1-9696-4C7A-A875-FCA49060663C}.Release|x64.Build.0 = Release|Any CPU
		{C1FF68C1-9696-4C7A-A875-FCA49060663C}.Release|x86.ActiveCfg = Release|Any CPU
		{C1FF68C1-9696-4C7A-A875-FCA49060663C}.Release|x86.Build.0 = Release|Any CPU
		{3743E0C2-4FB1-46C8-8B7C-80A3DB2315DD}.Debug|Any CPU.ActiveCfg = Debug|Any CPU
		{3743E0C2-4FB1-46C8-8B7C-80A3DB2315DD}.Debug|Any CPU.Build.0 = Debug|Any CPU
		{3743E0C2-4FB1-46C8-8B7C-80A3DB2315DD}.Debug|ARM.ActiveCfg = Debug|Any CPU
		{3743E0C2-4FB1-46C8-8B7C-80A3DB2315DD}.Debug|ARM.Build.0 = Debug|Any CPU
		{3743E0C2-4FB1-46C8-8B7C-80A3DB2315DD}.Debug|x64.ActiveCfg = Debug|Any CPU
		{3743E0C2-4FB1-46C8-8B7C-80A3DB2315DD}.Debug|x64.Build.0 = Debug|Any CPU
		{3743E0C2-4FB1-46C8-8B7C-80A3DB2315DD}.Debug|x86.ActiveCfg = Debug|Any CPU
		{3743E0C2-4FB1-46C8-8B7C-80A3DB2315DD}.Debug|x86.Build.0 = Debug|Any CPU
		{3743E0C2-4FB1-46C8-8B7C-80A3DB2315DD}.Release|Any CPU.ActiveCfg = Release|Any CPU
		{3743E0C2-4FB1-46C8-8B7C-80A3DB2315DD}.Release|Any CPU.Build.0 = Release|Any CPU
		{3743E0C2-4FB1-46C8-8B7C-80A3DB2315DD}.Release|ARM.ActiveCfg = Release|Any CPU
		{3743E0C2-4FB1-46C8-8B7C-80A3DB2315DD}.Release|ARM.Build.0 = Release|Any CPU
		{3743E0C2-4FB1-46C8-8B7C-80A3DB2315DD}.Release|x64.ActiveCfg = Release|Any CPU
		{3743E0C2-4FB1-46C8-8B7C-80A3DB2315DD}.Release|x64.Build.0 = Release|Any CPU
		{3743E0C2-4FB1-46C8-8B7C-80A3DB2315DD}.Release|x86.ActiveCfg = Release|Any CPU
		{3743E0C2-4FB1-46C8-8B7C-80A3DB2315DD}.Release|x86.Build.0 = Release|Any CPU
		{BFC84D78-E131-43DB-873C-700896394AAB}.Debug|Any CPU.ActiveCfg = Debug|Any CPU
		{BFC84D78-E131-43DB-873C-700896394AAB}.Debug|Any CPU.Build.0 = Debug|Any CPU
		{BFC84D78-E131-43DB-873C-700896394AAB}.Debug|ARM.ActiveCfg = Debug|Any CPU
		{BFC84D78-E131-43DB-873C-700896394AAB}.Debug|ARM.Build.0 = Debug|Any CPU
		{BFC84D78-E131-43DB-873C-700896394AAB}.Debug|x64.ActiveCfg = Debug|Any CPU
		{BFC84D78-E131-43DB-873C-700896394AAB}.Debug|x64.Build.0 = Debug|Any CPU
		{BFC84D78-E131-43DB-873C-700896394AAB}.Debug|x86.ActiveCfg = Debug|Any CPU
		{BFC84D78-E131-43DB-873C-700896394AAB}.Debug|x86.Build.0 = Debug|Any CPU
		{BFC84D78-E131-43DB-873C-700896394AAB}.Release|Any CPU.ActiveCfg = Release|Any CPU
		{BFC84D78-E131-43DB-873C-700896394AAB}.Release|Any CPU.Build.0 = Release|Any CPU
		{BFC84D78-E131-43DB-873C-700896394AAB}.Release|ARM.ActiveCfg = Release|Any CPU
		{BFC84D78-E131-43DB-873C-700896394AAB}.Release|ARM.Build.0 = Release|Any CPU
		{BFC84D78-E131-43DB-873C-700896394AAB}.Release|x64.ActiveCfg = Release|Any CPU
		{BFC84D78-E131-43DB-873C-700896394AAB}.Release|x64.Build.0 = Release|Any CPU
		{BFC84D78-E131-43DB-873C-700896394AAB}.Release|x86.ActiveCfg = Release|Any CPU
		{BFC84D78-E131-43DB-873C-700896394AAB}.Release|x86.Build.0 = Release|Any CPU
		{B4CA656E-1323-4435-BC96-635F9E4302E8}.Debug|Any CPU.ActiveCfg = Debug|Any CPU
		{B4CA656E-1323-4435-BC96-635F9E4302E8}.Debug|Any CPU.Build.0 = Debug|Any CPU
		{B4CA656E-1323-4435-BC96-635F9E4302E8}.Debug|ARM.ActiveCfg = Debug|Any CPU
		{B4CA656E-1323-4435-BC96-635F9E4302E8}.Debug|ARM.Build.0 = Debug|Any CPU
		{B4CA656E-1323-4435-BC96-635F9E4302E8}.Debug|x64.ActiveCfg = Debug|Any CPU
		{B4CA656E-1323-4435-BC96-635F9E4302E8}.Debug|x64.Build.0 = Debug|Any CPU
		{B4CA656E-1323-4435-BC96-635F9E4302E8}.Debug|x86.ActiveCfg = Debug|Any CPU
		{B4CA656E-1323-4435-BC96-635F9E4302E8}.Debug|x86.Build.0 = Debug|Any CPU
		{B4CA656E-1323-4435-BC96-635F9E4302E8}.Release|Any CPU.ActiveCfg = Release|Any CPU
		{B4CA656E-1323-4435-BC96-635F9E4302E8}.Release|Any CPU.Build.0 = Release|Any CPU
		{B4CA656E-1323-4435-BC96-635F9E4302E8}.Release|ARM.ActiveCfg = Release|Any CPU
		{B4CA656E-1323-4435-BC96-635F9E4302E8}.Release|ARM.Build.0 = Release|Any CPU
		{B4CA656E-1323-4435-BC96-635F9E4302E8}.Release|x64.ActiveCfg = Release|Any CPU
		{B4CA656E-1323-4435-BC96-635F9E4302E8}.Release|x64.Build.0 = Release|Any CPU
		{B4CA656E-1323-4435-BC96-635F9E4302E8}.Release|x86.ActiveCfg = Release|Any CPU
		{B4CA656E-1323-4435-BC96-635F9E4302E8}.Release|x86.Build.0 = Release|Any CPU
		{105A6D82-F230-4C5B-9F2A-4B158218B051}.Debug|Any CPU.ActiveCfg = Debug|Any CPU
		{105A6D82-F230-4C5B-9F2A-4B158218B051}.Debug|Any CPU.Build.0 = Debug|Any CPU
		{105A6D82-F230-4C5B-9F2A-4B158218B051}.Debug|ARM.ActiveCfg = Debug|Any CPU
		{105A6D82-F230-4C5B-9F2A-4B158218B051}.Debug|ARM.Build.0 = Debug|Any CPU
		{105A6D82-F230-4C5B-9F2A-4B158218B051}.Debug|x64.ActiveCfg = Debug|Any CPU
		{105A6D82-F230-4C5B-9F2A-4B158218B051}.Debug|x64.Build.0 = Debug|Any CPU
		{105A6D82-F230-4C5B-9F2A-4B158218B051}.Debug|x86.ActiveCfg = Debug|Any CPU
		{105A6D82-F230-4C5B-9F2A-4B158218B051}.Debug|x86.Build.0 = Debug|Any CPU
		{105A6D82-F230-4C5B-9F2A-4B158218B051}.Release|Any CPU.ActiveCfg = Release|Any CPU
		{105A6D82-F230-4C5B-9F2A-4B158218B051}.Release|Any CPU.Build.0 = Release|Any CPU
		{105A6D82-F230-4C5B-9F2A-4B158218B051}.Release|ARM.ActiveCfg = Release|Any CPU
		{105A6D82-F230-4C5B-9F2A-4B158218B051}.Release|ARM.Build.0 = Release|Any CPU
		{105A6D82-F230-4C5B-9F2A-4B158218B051}.Release|x64.ActiveCfg = Release|Any CPU
		{105A6D82-F230-4C5B-9F2A-4B158218B051}.Release|x64.Build.0 = Release|Any CPU
		{105A6D82-F230-4C5B-9F2A-4B158218B051}.Release|x86.ActiveCfg = Release|Any CPU
		{105A6D82-F230-4C5B-9F2A-4B158218B051}.Release|x86.Build.0 = Release|Any CPU
		{8F484808-1C6B-4ABD-87BD-42D71D09D4BA}.Debug|Any CPU.ActiveCfg = Debug|Any CPU
		{8F484808-1C6B-4ABD-87BD-42D71D09D4BA}.Debug|Any CPU.Build.0 = Debug|Any CPU
		{8F484808-1C6B-4ABD-87BD-42D71D09D4BA}.Debug|ARM.ActiveCfg = Debug|Any CPU
		{8F484808-1C6B-4ABD-87BD-42D71D09D4BA}.Debug|ARM.Build.0 = Debug|Any CPU
		{8F484808-1C6B-4ABD-87BD-42D71D09D4BA}.Debug|x64.ActiveCfg = Debug|Any CPU
		{8F484808-1C6B-4ABD-87BD-42D71D09D4BA}.Debug|x64.Build.0 = Debug|Any CPU
		{8F484808-1C6B-4ABD-87BD-42D71D09D4BA}.Debug|x86.ActiveCfg = Debug|Any CPU
		{8F484808-1C6B-4ABD-87BD-42D71D09D4BA}.Debug|x86.Build.0 = Debug|Any CPU
		{8F484808-1C6B-4ABD-87BD-42D71D09D4BA}.Release|Any CPU.ActiveCfg = Release|Any CPU
		{8F484808-1C6B-4ABD-87BD-42D71D09D4BA}.Release|Any CPU.Build.0 = Release|Any CPU
		{8F484808-1C6B-4ABD-87BD-42D71D09D4BA}.Release|ARM.ActiveCfg = Release|Any CPU
		{8F484808-1C6B-4ABD-87BD-42D71D09D4BA}.Release|ARM.Build.0 = Release|Any CPU
		{8F484808-1C6B-4ABD-87BD-42D71D09D4BA}.Release|x64.ActiveCfg = Release|Any CPU
		{8F484808-1C6B-4ABD-87BD-42D71D09D4BA}.Release|x64.Build.0 = Release|Any CPU
		{8F484808-1C6B-4ABD-87BD-42D71D09D4BA}.Release|x86.ActiveCfg = Release|Any CPU
		{8F484808-1C6B-4ABD-87BD-42D71D09D4BA}.Release|x86.Build.0 = Release|Any CPU
		{8B9FDE91-3EF1-4FDA-9074-E976B494DBF5}.Debug|Any CPU.ActiveCfg = Debug|Any CPU
		{8B9FDE91-3EF1-4FDA-9074-E976B494DBF5}.Debug|Any CPU.Build.0 = Debug|Any CPU
		{8B9FDE91-3EF1-4FDA-9074-E976B494DBF5}.Debug|ARM.ActiveCfg = Debug|Any CPU
		{8B9FDE91-3EF1-4FDA-9074-E976B494DBF5}.Debug|ARM.Build.0 = Debug|Any CPU
		{8B9FDE91-3EF1-4FDA-9074-E976B494DBF5}.Debug|x64.ActiveCfg = Debug|Any CPU
		{8B9FDE91-3EF1-4FDA-9074-E976B494DBF5}.Debug|x64.Build.0 = Debug|Any CPU
		{8B9FDE91-3EF1-4FDA-9074-E976B494DBF5}.Debug|x86.ActiveCfg = Debug|Any CPU
		{8B9FDE91-3EF1-4FDA-9074-E976B494DBF5}.Debug|x86.Build.0 = Debug|Any CPU
		{8B9FDE91-3EF1-4FDA-9074-E976B494DBF5}.Release|Any CPU.ActiveCfg = Release|Any CPU
		{8B9FDE91-3EF1-4FDA-9074-E976B494DBF5}.Release|Any CPU.Build.0 = Release|Any CPU
		{8B9FDE91-3EF1-4FDA-9074-E976B494DBF5}.Release|ARM.ActiveCfg = Release|Any CPU
		{8B9FDE91-3EF1-4FDA-9074-E976B494DBF5}.Release|ARM.Build.0 = Release|Any CPU
		{8B9FDE91-3EF1-4FDA-9074-E976B494DBF5}.Release|x64.ActiveCfg = Release|Any CPU
		{8B9FDE91-3EF1-4FDA-9074-E976B494DBF5}.Release|x64.Build.0 = Release|Any CPU
		{8B9FDE91-3EF1-4FDA-9074-E976B494DBF5}.Release|x86.ActiveCfg = Release|Any CPU
		{8B9FDE91-3EF1-4FDA-9074-E976B494DBF5}.Release|x86.Build.0 = Release|Any CPU
	EndGlobalSection
	GlobalSection(SolutionProperties) = preSolution
		HideSolutionNode = FALSE
	EndGlobalSection
EndGlobal
