
Microsoft Visual Studio Solution File, Format Version 12.00
# Visual Studio 2013
VisualStudioVersion = 12.0.31101.0
MinimumVisualStudioVersion = 10.0.40219.1
Project("{FAE04EC0-301F-11D3-BF4B-00C04F79EFBC}") = "01.SquareRoot", "01.SquareRoot\01.SquareRoot.csproj", "{45865A5D-1510-4ACF-A375-64C3149EAD15}"
EndProject
Project("{FAE04EC0-301F-11D3-BF4B-00C04F79EFBC}") = "02.EnterNumbers", "02.EnterNumbers\02.EnterNumbers.csproj", "{4BD4E403-B57D-4EA3-8039-5E44BE015FAD}"
EndProject
Project("{FAE04EC0-301F-11D3-BF4B-00C04F79EFBC}") = "03.ReadFileContents", "03.ReadFileContents\03.ReadFileContents.csproj", "{0AC12978-103F-4E1E-9D3D-01838BE14D3A}"
EndProject
Project("{FAE04EC0-301F-11D3-BF4B-00C04F79EFBC}") = "04.DownloadFile", "04.DownloadFile\04.DownloadFile.csproj", "{5A0B4516-5DF8-4810-A8F1-60B0852E4B43}"
EndProject
Global
	GlobalSection(SolutionConfigurationPlatforms) = preSolution
		Debug|Any CPU = Debug|Any CPU
		Release|Any CPU = Release|Any CPU
	EndGlobalSection
	GlobalSection(ProjectConfigurationPlatforms) = postSolution
		{45865A5D-1510-4ACF-A375-64C3149EAD15}.Debug|Any CPU.ActiveCfg = Debug|Any CPU
		{45865A5D-1510-4ACF-A375-64C3149EAD15}.Debug|Any CPU.Build.0 = Debug|Any CPU
		{45865A5D-1510-4ACF-A375-64C3149EAD15}.Release|Any CPU.ActiveCfg = Release|Any CPU
		{45865A5D-1510-4ACF-A375-64C3149EAD15}.Release|Any CPU.Build.0 = Release|Any CPU
		{4BD4E403-B57D-4EA3-8039-5E44BE015FAD}.Debug|Any CPU.ActiveCfg = Debug|Any CPU
		{4BD4E403-B57D-4EA3-8039-5E44BE015FAD}.Debug|Any CPU.Build.0 = Debug|Any CPU
		{4BD4E403-B57D-4EA3-8039-5E44BE015FAD}.Release|Any CPU.ActiveCfg = Release|Any CPU
		{4BD4E403-B57D-4EA3-8039-5E44BE015FAD}.Release|Any CPU.Build.0 = Release|Any CPU
		{0AC12978-103F-4E1E-9D3D-01838BE14D3A}.Debug|Any CPU.ActiveCfg = Debug|Any CPU
		{0AC12978-103F-4E1E-9D3D-01838BE14D3A}.Debug|Any CPU.Build.0 = Debug|Any CPU
		{0AC12978-103F-4E1E-9D3D-01838BE14D3A}.Release|Any CPU.ActiveCfg = Release|Any CPU
		{0AC12978-103F-4E1E-9D3D-01838BE14D3A}.Release|Any CPU.Build.0 = Release|Any CPU
		{5A0B4516-5DF8-4810-A8F1-60B0852E4B43}.Debug|Any CPU.ActiveCfg = Debug|Any CPU
		{5A0B4516-5DF8-4810-A8F1-60B0852E4B43}.Debug|Any CPU.Build.0 = Debug|Any CPU
		{5A0B4516-5DF8-4810-A8F1-60B0852E4B43}.Release|Any CPU.ActiveCfg = Release|Any CPU
		{5A0B4516-5DF8-4810-A8F1-60B0852E4B43}.Release|Any CPU.Build.0 = Release|Any CPU
	EndGlobalSection
	GlobalSection(SolutionProperties) = preSolution
		HideSolutionNode = FALSE
	EndGlobalSection
EndGlobal
