
Microsoft Visual Studio Solution File, Format Version 12.00
# Visual Studio 14
VisualStudioVersion = 14.0.23107.0
MinimumVisualStudioVersion = 10.0.40219.1
Project("{FAE04EC0-301F-11D3-BF4B-00C04F79EFBC}") = "BuildTree", "BuildTree\BuildTree.csproj", "{F478D399-6C7A-434E-A8A3-D64480566883}"
EndProject
Project("{FAE04EC0-301F-11D3-BF4B-00C04F79EFBC}") = "Extensions", "Extensions\Extensions.csproj", "{C1FF68C1-9696-4C7A-A875-FCA49060663C}"
EndProject
Project("{FAE04EC0-301F-11D3-BF4B-00C04F79EFBC}") = "TraverseWindowsDir", "TraverseWindowsDir\TraverseWindowsDir.csproj", "{5AE16173-FC63-4355-8185-AEC4A62C8359}"
EndProject
Global
	GlobalSection(SolutionConfigurationPlatforms) = preSolution
		Debug|Any CPU = Debug|Any CPU
		Release|Any CPU = Release|Any CPU
	EndGlobalSection
	GlobalSection(ProjectConfigurationPlatforms) = postSolution
		{F478D399-6C7A-434E-A8A3-D64480566883}.Debug|Any CPU.ActiveCfg = Debug|Any CPU
		{F478D399-6C7A-434E-A8A3-D64480566883}.Debug|Any CPU.Build.0 = Debug|Any CPU
		{F478D399-6C7A-434E-A8A3-D64480566883}.Release|Any CPU.ActiveCfg = Release|Any CPU
		{F478D399-6C7A-434E-A8A3-D64480566883}.Release|Any CPU.Build.0 = Release|Any CPU
		{C1FF68C1-9696-4C7A-A875-FCA49060663C}.Debug|Any CPU.ActiveCfg = Debug|Any CPU
		{C1FF68C1-9696-4C7A-A875-FCA49060663C}.Debug|Any CPU.Build.0 = Debug|Any CPU
		{C1FF68C1-9696-4C7A-A875-FCA49060663C}.Release|Any CPU.ActiveCfg = Release|Any CPU
		{C1FF68C1-9696-4C7A-A875-FCA49060663C}.Release|Any CPU.Build.0 = Release|Any CPU
		{5AE16173-FC63-4355-8185-AEC4A62C8359}.Debug|Any CPU.ActiveCfg = Debug|Any CPU
		{5AE16173-FC63-4355-8185-AEC4A62C8359}.Debug|Any CPU.Build.0 = Debug|Any CPU
		{5AE16173-FC63-4355-8185-AEC4A62C8359}.Release|Any CPU.ActiveCfg = Release|Any CPU
		{5AE16173-FC63-4355-8185-AEC4A62C8359}.Release|Any CPU.Build.0 = Release|Any CPU
	EndGlobalSection
	GlobalSection(SolutionProperties) = preSolution
		HideSolutionNode = FALSE
	EndGlobalSection
EndGlobal
