
Microsoft Visual Studio Solution File, Format Version 12.00
# Visual Studio 2013
VisualStudioVersion = 12.0.31101.0
MinimumVisualStudioVersion = 10.0.40219.1
Project("{FAE04EC0-301F-11D3-BF4B-00C04F79EFBC}") = "Facade", "Facade\Facade.csproj", "{218FC8BB-D16F-4791-A36C-2DE417EA30A8}"
EndProject
Project("{FAE04EC0-301F-11D3-BF4B-00C04F79EFBC}") = "Flyweight", "Flyweight\Flyweight.csproj", "{6BB83FED-6620-4911-ACA8-AD20970F73E6}"
EndProject
Global
	GlobalSection(SolutionConfigurationPlatforms) = preSolution
		Debug|Any CPU = Debug|Any CPU
		Release|Any CPU = Release|Any CPU
	EndGlobalSection
	GlobalSection(ProjectConfigurationPlatforms) = postSolution
		{218FC8BB-D16F-4791-A36C-2DE417EA30A8}.Debug|Any CPU.ActiveCfg = Debug|Any CPU
		{218FC8BB-D16F-4791-A36C-2DE417EA30A8}.Debug|Any CPU.Build.0 = Debug|Any CPU
		{218FC8BB-D16F-4791-A36C-2DE417EA30A8}.Release|Any CPU.ActiveCfg = Release|Any CPU
		{218FC8BB-D16F-4791-A36C-2DE417EA30A8}.Release|Any CPU.Build.0 = Release|Any CPU
		{6BB83FED-6620-4911-ACA8-AD20970F73E6}.Debug|Any CPU.ActiveCfg = Debug|Any CPU
		{6BB83FED-6620-4911-ACA8-AD20970F73E6}.Debug|Any CPU.Build.0 = Debug|Any CPU
		{6BB83FED-6620-4911-ACA8-AD20970F73E6}.Release|Any CPU.ActiveCfg = Release|Any CPU
		{6BB83FED-6620-4911-ACA8-AD20970F73E6}.Release|Any CPU.Build.0 = Release|Any CPU
	EndGlobalSection
	GlobalSection(SolutionProperties) = preSolution
		HideSolutionNode = FALSE
	EndGlobalSection
EndGlobal
